# This file is automatically @generated by Poetry 1.8.3 and should not be changed by hand.

[[package]]
name = "numpy"
version = "2.2.3"
description = "Fundamental package for array computing in Python"
optional = false
python-versions = ">=3.10"
files = [
    {file = "numpy-2.2.3-cp310-cp310-macosx_10_9_x86_64.whl", hash = "sha256:cbc6472e01952d3d1b2772b720428f8b90e2deea8344e854df22b0618e9cce71"},
    {file = "numpy-2.2.3-cp310-cp310-macosx_11_0_arm64.whl", hash = "sha256:cdfe0c22692a30cd830c0755746473ae66c4a8f2e7bd508b35fb3b6a0813d787"},
    {file = "numpy-2.2.3-cp310-cp310-macosx_14_0_arm64.whl", hash = "sha256:e37242f5324ffd9f7ba5acf96d774f9276aa62a966c0bad8dae692deebec7716"},
    {file = "numpy-2.2.3-cp310-cp310-macosx_14_0_x86_64.whl", hash = "sha256:95172a21038c9b423e68be78fd0be6e1b97674cde269b76fe269a5dfa6fadf0b"},
    {file = "numpy-2.2.3-cp310-cp310-manylinux_2_17_aarch64.manylinux2014_aarch64.whl", hash = "sha256:d5b47c440210c5d1d67e1cf434124e0b5c395eee1f5806fdd89b553ed1acd0a3"},
    {file = "numpy-2.2.3-cp310-cp310-manylinux_2_17_x86_64.manylinux2014_x86_64.whl", hash = "sha256:0391ea3622f5c51a2e29708877d56e3d276827ac5447d7f45e9bc4ade8923c52"},
    {file = "numpy-2.2.3-cp310-cp310-musllinux_1_2_aarch64.whl", hash = "sha256:f6b3dfc7661f8842babd8ea07e9897fe3d9b69a1d7e5fbb743e4160f9387833b"},
    {file = "numpy-2.2.3-cp310-cp310-musllinux_1_2_x86_64.whl", hash = "sha256:1ad78ce7f18ce4e7df1b2ea4019b5817a2f6a8a16e34ff2775f646adce0a5027"},
    {file = "numpy-2.2.3-cp310-cp310-win32.whl", hash = "sha256:5ebeb7ef54a7be11044c33a17b2624abe4307a75893c001a4800857956b41094"},
    {file = "numpy-2.2.3-cp310-cp310-win_amd64.whl", hash = "sha256:596140185c7fa113563c67c2e894eabe0daea18cf8e33851738c19f70ce86aeb"},
    {file = "numpy-2.2.3-cp311-cp311-macosx_10_9_x86_64.whl", hash = "sha256:16372619ee728ed67a2a606a614f56d3eabc5b86f8b615c79d01957062826ca8"},
    {file = "numpy-2.2.3-cp311-cp311-macosx_11_0_arm64.whl", hash = "sha256:5521a06a3148686d9269c53b09f7d399a5725c47bbb5b35747e1cb76326b714b"},
    {file = "numpy-2.2.3-cp311-cp311-macosx_14_0_arm64.whl", hash = "sha256:7c8dde0ca2f77828815fd1aedfdf52e59071a5bae30dac3b4da2a335c672149a"},
    {file = "numpy-2.2.3-cp311-cp311-macosx_14_0_x86_64.whl", hash = "sha256:77974aba6c1bc26e3c205c2214f0d5b4305bdc719268b93e768ddb17e3fdd636"},
    {file = "numpy-2.2.3-cp311-cp311-manylinux_2_17_aarch64.manylinux2014_aarch64.whl", hash = "sha256:d42f9c36d06440e34226e8bd65ff065ca0963aeecada587b937011efa02cdc9d"},
    {file = "numpy-2.2.3-cp311-cp311-manylinux_2_17_x86_64.manylinux2014_x86_64.whl", hash = "sha256:f2712c5179f40af9ddc8f6727f2bd910ea0eb50206daea75f58ddd9fa3f715bb"},
    {file = "numpy-2.2.3-cp311-cp311-musllinux_1_2_aarch64.whl", hash = "sha256:c8b0451d2ec95010d1db8ca733afc41f659f425b7f608af569711097fd6014e2"},
    {file = "numpy-2.2.3-cp311-cp311-musllinux_1_2_x86_64.whl", hash = "sha256:d9b4a8148c57ecac25a16b0e11798cbe88edf5237b0df99973687dd866f05e1b"},
    {file = "numpy-2.2.3-cp311-cp311-win32.whl", hash = "sha256:1f45315b2dc58d8a3e7754fe4e38b6fce132dab284a92851e41b2b344f6441c5"},
    {file = "numpy-2.2.3-cp311-cp311-win_amd64.whl", hash = "sha256:9f48ba6f6c13e5e49f3d3efb1b51c8193215c42ac82610a04624906a9270be6f"},
    {file = "numpy-2.2.3-cp312-cp312-macosx_10_13_x86_64.whl", hash = "sha256:12c045f43b1d2915eca6b880a7f4a256f59d62df4f044788c8ba67709412128d"},
    {file = "numpy-2.2.3-cp312-cp312-macosx_11_0_arm64.whl", hash = "sha256:87eed225fd415bbae787f93a457af7f5990b92a334e346f72070bf569b9c9c95"},
    {file = "numpy-2.2.3-cp312-cp312-macosx_14_0_arm64.whl", hash = "sha256:712a64103d97c404e87d4d7c47fb0c7ff9acccc625ca2002848e0d53288b90ea"},
    {file = "numpy-2.2.3-cp312-cp312-macosx_14_0_x86_64.whl", hash = "sha256:a5ae282abe60a2db0fd407072aff4599c279bcd6e9a2475500fc35b00a57c532"},
    {file = "numpy-2.2.3-cp312-cp312-manylinux_2_17_aarch64.manylinux2014_aarch64.whl", hash = "sha256:5266de33d4c3420973cf9ae3b98b54a2a6d53a559310e3236c4b2b06b9c07d4e"},
    {file = "numpy-2.2.3-cp312-cp312-manylinux_2_17_x86_64.manylinux2014_x86_64.whl", hash = "sha256:3b787adbf04b0db1967798dba8da1af07e387908ed1553a0d6e74c084d1ceafe"},
    {file = "numpy-2.2.3-cp312-cp312-musllinux_1_2_aarch64.whl", hash = "sha256:34c1b7e83f94f3b564b35f480f5652a47007dd91f7c839f404d03279cc8dd021"},
    {file = "numpy-2.2.3-cp312-cp312-musllinux_1_2_x86_64.whl", hash = "sha256:4d8335b5f1b6e2bce120d55fb17064b0262ff29b459e8493d1785c18ae2553b8"},
    {file = "numpy-2.2.3-cp312-cp312-win32.whl", hash = "sha256:4d9828d25fb246bedd31e04c9e75714a4087211ac348cb39c8c5f99dbb6683fe"},
    {file = "numpy-2.2.3-cp312-cp312-win_amd64.whl", hash = "sha256:83807d445817326b4bcdaaaf8e8e9f1753da04341eceec705c001ff342002e5d"},
    {file = "numpy-2.2.3-cp313-cp313-macosx_10_13_x86_64.whl", hash = "sha256:7bfdb06b395385ea9b91bf55c1adf1b297c9fdb531552845ff1d3ea6e40d5aba"},
    {file = "numpy-2.2.3-cp313-cp313-macosx_11_0_arm64.whl", hash = "sha256:23c9f4edbf4c065fddb10a4f6e8b6a244342d95966a48820c614891e5059bb50"},
    {file = "numpy-2.2.3-cp313-cp313-macosx_14_0_arm64.whl", hash = "sha256:a0c03b6be48aaf92525cccf393265e02773be8fd9551a2f9adbe7db1fa2b60f1"},
    {file = "numpy-2.2.3-cp313-cp313-macosx_14_0_x86_64.whl", hash = "sha256:2376e317111daa0a6739e50f7ee2a6353f768489102308b0d98fcf4a04f7f3b5"},
    {file = "numpy-2.2.3-cp313-cp313-manylinux_2_17_aarch64.manylinux2014_aarch64.whl", hash = "sha256:8fb62fe3d206d72fe1cfe31c4a1106ad2b136fcc1606093aeab314f02930fdf2"},
    {file = "numpy-2.2.3-cp313-cp313-manylinux_2_17_x86_64.manylinux2014_x86_64.whl", hash = "sha256:52659ad2534427dffcc36aac76bebdd02b67e3b7a619ac67543bc9bfe6b7cdb1"},
    {file = "numpy-2.2.3-cp313-cp313-musllinux_1_2_aarch64.whl", hash = "sha256:1b416af7d0ed3271cad0f0a0d0bee0911ed7eba23e66f8424d9f3dfcdcae1304"},
    {file = "numpy-2.2.3-cp313-cp313-musllinux_1_2_x86_64.whl", hash = "sha256:1402da8e0f435991983d0a9708b779f95a8c98c6b18a171b9f1be09005e64d9d"},
    {file = "numpy-2.2.3-cp313-cp313-win32.whl", hash = "sha256:136553f123ee2951bfcfbc264acd34a2fc2f29d7cdf610ce7daf672b6fbaa693"},
    {file = "numpy-2.2.3-cp313-cp313-win_amd64.whl", hash = "sha256:5b732c8beef1d7bc2d9e476dbba20aaff6167bf205ad9aa8d30913859e82884b"},
    {file = "numpy-2.2.3-cp313-cp313t-macosx_10_13_x86_64.whl", hash = "sha256:435e7a933b9fda8126130b046975a968cc2d833b505475e588339e09f7672890"},
    {file = "numpy-2.2.3-cp313-cp313t-macosx_11_0_arm64.whl", hash = "sha256:7678556eeb0152cbd1522b684dcd215250885993dd00adb93679ec3c0e6e091c"},
    {file = "numpy-2.2.3-cp313-cp313t-macosx_14_0_arm64.whl", hash = "sha256:2e8da03bd561504d9b20e7a12340870dfc206c64ea59b4cfee9fceb95070ee94"},
    {file = "numpy-2.2.3-cp313-cp313t-macosx_14_0_x86_64.whl", hash = "sha256:c9aa4496fd0e17e3843399f533d62857cef5900facf93e735ef65aa4bbc90ef0"},
    {file = "numpy-2.2.3-cp313-cp313t-manylinux_2_17_aarch64.manylinux2014_aarch64.whl", hash = "sha256:f4ca91d61a4bf61b0f2228f24bbfa6a9facd5f8af03759fe2a655c50ae2c6610"},
    {file = "numpy-2.2.3-cp313-cp313t-manylinux_2_17_x86_64.manylinux2014_x86_64.whl", hash = "sha256:deaa09cd492e24fd9b15296844c0ad1b3c976da7907e1c1ed3a0ad21dded6f76"},
    {file = "numpy-2.2.3-cp313-cp313t-musllinux_1_2_aarch64.whl", hash = "sha256:246535e2f7496b7ac85deffe932896a3577be7af8fb7eebe7146444680297e9a"},
    {file = "numpy-2.2.3-cp313-cp313t-musllinux_1_2_x86_64.whl", hash = "sha256:daf43a3d1ea699402c5a850e5313680ac355b4adc9770cd5cfc2940e7861f1bf"},
    {file = "numpy-2.2.3-cp313-cp313t-win32.whl", hash = "sha256:cf802eef1f0134afb81fef94020351be4fe1d6681aadf9c5e862af6602af64ef"},
    {file = "numpy-2.2.3-cp313-cp313t-win_amd64.whl", hash = "sha256:aee2512827ceb6d7f517c8b85aa5d3923afe8fc7a57d028cffcd522f1c6fd082"},
    {file = "numpy-2.2.3-pp310-pypy310_pp73-macosx_10_15_x86_64.whl", hash = "sha256:3c2ec8a0f51d60f1e9c0c5ab116b7fc104b165ada3f6c58abf881cb2eb16044d"},
    {file = "numpy-2.2.3-pp310-pypy310_pp73-macosx_14_0_x86_64.whl", hash = "sha256:ed2cf9ed4e8ebc3b754d398cba12f24359f018b416c380f577bbae112ca52fc9"},
    {file = "numpy-2.2.3-pp310-pypy310_pp73-manylinux_2_17_x86_64.manylinux2014_x86_64.whl", hash = "sha256:39261798d208c3095ae4f7bc8eaeb3481ea8c6e03dc48028057d3cbdbdb8937e"},
    {file = "numpy-2.2.3-pp310-pypy310_pp73-win_amd64.whl", hash = "sha256:783145835458e60fa97afac25d511d00a1eca94d4a8f3ace9fe2043003c678e4"},
    {file = "numpy-2.2.3.tar.gz", hash = "sha256:dbdc15f0c81611925f382dfa97b3bd0bc2c1ce19d4fe50482cb0ddc12ba30020"},
]

[[package]]
name = "opencv-contrib-python"
version = "4.11.0.86"
description = "Wrapper package for OpenCV python bindings."
optional = false
python-versions = ">=3.6"
files = [
    {file = "opencv-contrib-python-4.11.0.86.tar.gz", hash = "sha256:4ff773dab44911da366b906621c9592d4eb96f6ad3777098933a23f064aab38e"},
    {file = "opencv_contrib_python-4.11.0.86-cp37-abi3-macosx_13_0_arm64.whl", hash = "sha256:d911cedc511d98f79994580b245d59fc97f57f0f9923a99945d8b92c7ac671f6"},
    {file = "opencv_contrib_python-4.11.0.86-cp37-abi3-macosx_13_0_x86_64.whl", hash = "sha256:e10a293af18aa5f842d012fa14e87345b3ee06db4c29bd592ff94b51f7ffca2b"},
    {file = "opencv_contrib_python-4.11.0.86-cp37-abi3-manylinux_2_17_aarch64.manylinux2014_aarch64.whl", hash = "sha256:f21034bc8b00eb286a0a0a92b99767bf596bfe426cf4bc2e79647d64ad0dd6da"},
    {file = "opencv_contrib_python-4.11.0.86-cp37-abi3-manylinux_2_17_x86_64.manylinux2014_x86_64.whl", hash = "sha256:c47c0ef1098461cdc6fa1cdce4c942b8ec974c87423f4b5951443d26bb9ae407"},
    {file = "opencv_contrib_python-4.11.0.86-cp37-abi3-win32.whl", hash = "sha256:194841c664ceaa0692410b4ed0af557425608e33db3a181ded28b87acb66748d"},
    {file = "opencv_contrib_python-4.11.0.86-cp37-abi3-win_amd64.whl", hash = "sha256:654758a9ae8ca9a75fca7b64b19163636534f0eedffe1e14c3d7218988625c8d"},
]

[package.dependencies]
numpy = {version = ">=1.26.0", markers = "python_version >= \"3.12\""}

[[package]]
name = "opencv-python"
version = "4.11.0.86"
description = "Wrapper package for OpenCV python bindings."
optional = false
python-versions = ">=3.6"
files = [
    {file = "opencv-python-4.11.0.86.tar.gz", hash = "sha256:03d60ccae62304860d232272e4a4fda93c39d595780cb40b161b310244b736a4"},
    {file = "opencv_python-4.11.0.86-cp37-abi3-macosx_13_0_arm64.whl", hash = "sha256:432f67c223f1dc2824f5e73cdfcd9db0efc8710647d4e813012195dc9122a52a"},
    {file = "opencv_python-4.11.0.86-cp37-abi3-macosx_13_0_x86_64.whl", hash = "sha256:9d05ef13d23fe97f575153558653e2d6e87103995d54e6a35db3f282fe1f9c66"},
    {file = "opencv_python-4.11.0.86-cp37-abi3-manylinux_2_17_aarch64.manylinux2014_aarch64.whl", hash = "sha256:1b92ae2c8852208817e6776ba1ea0d6b1e0a1b5431e971a2a0ddd2a8cc398202"},
    {file = "opencv_python-4.11.0.86-cp37-abi3-manylinux_2_17_x86_64.manylinux2014_x86_64.whl", hash = "sha256:6b02611523803495003bd87362db3e1d2a0454a6a63025dc6658a9830570aa0d"},
    {file = "opencv_python-4.11.0.86-cp37-abi3-win32.whl", hash = "sha256:810549cb2a4aedaa84ad9a1c92fbfdfc14090e2749cedf2c1589ad8359aa169b"},
    {file = "opencv_python-4.11.0.86-cp37-abi3-win_amd64.whl", hash = "sha256:085ad9b77c18853ea66283e98affefe2de8cc4c1f43eda4c100cf9b2721142ec"},
]

[package.dependencies]
numpy = {version = ">=1.26.0", markers = "python_version >= \"3.12\""}

[[package]]
name = "websockets"
version = "15.0"
description = "An implementation of the WebSocket Protocol (RFC 6455 & 7692)"
optional = false
python-versions = ">=3.9"
files = [
    {file = "websockets-15.0-cp310-cp310-macosx_10_9_universal2.whl", hash = "sha256:5e6ee18a53dd5743e6155b8ff7e8e477c25b29b440f87f65be8165275c87fef0"},
    {file = "websockets-15.0-cp310-cp310-macosx_10_9_x86_64.whl", hash = "sha256:ee06405ea2e67366a661ed313e14cf2a86e84142a3462852eb96348f7219cee3"},
    {file = "websockets-15.0-cp310-cp310-macosx_11_0_arm64.whl", hash = "sha256:8711682a629bbcaf492f5e0af72d378e976ea1d127a2d47584fa1c2c080b436b"},
    {file = "websockets-15.0-cp310-cp310-manylinux_2_17_aarch64.manylinux2014_aarch64.whl", hash = "sha256:94c4a9b01eede952442c088d415861b0cf2053cbd696b863f6d5022d4e4e2453"},
    {file = "websockets-15.0-cp310-cp310-manylinux_2_5_i686.manylinux1_i686.manylinux_2_17_i686.manylinux2014_i686.whl", hash = "sha256:45535fead66e873f411c1d3cf0d3e175e66f4dd83c4f59d707d5b3e4c56541c4"},
    {file = "websockets-15.0-cp310-cp310-manylinux_2_5_x86_64.manylinux1_x86_64.manylinux_2_17_x86_64.manylinux2014_x86_64.whl", hash = "sha256:0e389efe46ccb25a1f93d08c7a74e8123a2517f7b7458f043bd7529d1a63ffeb"},
    {file = "websockets-15.0-cp310-cp310-musllinux_1_2_aarch64.whl", hash = "sha256:67a04754d121ea5ca39ddedc3f77071651fb5b0bc6b973c71c515415b44ed9c5"},
    {file = "websockets-15.0-cp310-cp310-musllinux_1_2_i686.whl", hash = "sha256:bd66b4865c8b853b8cca7379afb692fc7f52cf898786537dfb5e5e2d64f0a47f"},
    {file = "websockets-15.0-cp310-cp310-musllinux_1_2_x86_64.whl", hash = "sha256:a4cc73a6ae0a6751b76e69cece9d0311f054da9b22df6a12f2c53111735657c8"},
    {file = "websockets-15.0-cp310-cp310-win32.whl", hash = "sha256:89da58e4005e153b03fe8b8794330e3f6a9774ee9e1c3bd5bc52eb098c3b0c4f"},
    {file = "websockets-15.0-cp310-cp310-win_amd64.whl", hash = "sha256:4ff380aabd7a74a42a760ee76c68826a8f417ceb6ea415bd574a035a111fd133"},
    {file = "websockets-15.0-cp311-cp311-macosx_10_9_universal2.whl", hash = "sha256:dd24c4d256558429aeeb8d6c24ebad4e982ac52c50bc3670ae8646c181263965"},
    {file = "websockets-15.0-cp311-cp311-macosx_10_9_x86_64.whl", hash = "sha256:f83eca8cbfd168e424dfa3b3b5c955d6c281e8fc09feb9d870886ff8d03683c7"},
    {file = "websockets-15.0-cp311-cp311-macosx_11_0_arm64.whl", hash = "sha256:4095a1f2093002c2208becf6f9a178b336b7572512ee0a1179731acb7788e8ad"},
    {file = "websockets-15.0-cp311-cp311-manylinux_2_17_aarch64.manylinux2014_aarch64.whl", hash = "sha256:fb915101dfbf318486364ce85662bb7b020840f68138014972c08331458d41f3"},
    {file = "websockets-15.0-cp311-cp311-manylinux_2_5_i686.manylinux1_i686.manylinux_2_17_i686.manylinux2014_i686.whl", hash = "sha256:45d464622314973d78f364689d5dbb9144e559f93dca11b11af3f2480b5034e1"},
    {file = "websockets-15.0-cp311-cp311-manylinux_2_5_x86_64.manylinux1_x86_64.manylinux_2_17_x86_64.manylinux2014_x86_64.whl", hash = "sha256:ace960769d60037ca9625b4c578a6f28a14301bd2a1ff13bb00e824ac9f73e55"},
    {file = "websockets-15.0-cp311-cp311-musllinux_1_2_aarch64.whl", hash = "sha256:c7cd4b1015d2f60dfe539ee6c95bc968d5d5fad92ab01bb5501a77393da4f596"},
    {file = "websockets-15.0-cp311-cp311-musllinux_1_2_i686.whl", hash = "sha256:4f7290295794b5dec470867c7baa4a14182b9732603fd0caf2a5bf1dc3ccabf3"},
    {file = "websockets-15.0-cp311-cp311-musllinux_1_2_x86_64.whl", hash = "sha256:3abd670ca7ce230d5a624fd3d55e055215d8d9b723adee0a348352f5d8d12ff4"},
    {file = "websockets-15.0-cp311-cp311-win32.whl", hash = "sha256:110a847085246ab8d4d119632145224d6b49e406c64f1bbeed45c6f05097b680"},
    {file = "websockets-15.0-cp311-cp311-win_amd64.whl", hash = "sha256:8d7bbbe2cd6ed80aceef2a14e9f1c1b61683194c216472ed5ff33b700e784e37"},
    {file = "websockets-15.0-cp312-cp312-macosx_10_13_universal2.whl", hash = "sha256:cccc18077acd34c8072578394ec79563664b1c205f7a86a62e94fafc7b59001f"},
    {file = "websockets-15.0-cp312-cp312-macosx_10_13_x86_64.whl", hash = "sha256:d4c22992e24f12de340ca5f824121a5b3e1a37ad4360b4e1aaf15e9d1c42582d"},
    {file = "websockets-15.0-cp312-cp312-macosx_11_0_arm64.whl", hash = "sha256:1206432cc6c644f6fc03374b264c5ff805d980311563202ed7fef91a38906276"},
    {file = "websockets-15.0-cp312-cp312-manylinux_2_17_aarch64.manylinux2014_aarch64.whl", hash = "sha256:5d3cc75ef3e17490042c47e0523aee1bcc4eacd2482796107fd59dd1100a44bc"},
    {file = "websockets-15.0-cp312-cp312-manylinux_2_5_i686.manylinux1_i686.manylinux_2_17_i686.manylinux2014_i686.whl", hash = "sha256:b89504227a5311610e4be16071465885a0a3d6b0e82e305ef46d9b064ce5fb72"},
    {file = "websockets-15.0-cp312-cp312-manylinux_2_5_x86_64.manylinux1_x86_64.manylinux_2_17_x86_64.manylinux2014_x86_64.whl", hash = "sha256:56e3efe356416bc67a8e093607315951d76910f03d2b3ad49c4ade9207bf710d"},
    {file = "websockets-15.0-cp312-cp312-musllinux_1_2_aarch64.whl", hash = "sha256:0f2205cdb444a42a7919690238fb5979a05439b9dbb73dd47c863d39640d85ab"},
    {file = "websockets-15.0-cp312-cp312-musllinux_1_2_i686.whl", hash = "sha256:aea01f40995fa0945c020228ab919b8dfc93fc8a9f2d3d705ab5b793f32d9e99"},
    {file = "websockets-15.0-cp312-cp312-musllinux_1_2_x86_64.whl", hash = "sha256:a9f8e33747b1332db11cf7fcf4a9512bef9748cb5eb4d3f7fbc8c30d75dc6ffc"},
    {file = "websockets-15.0-cp312-cp312-win32.whl", hash = "sha256:32e02a2d83f4954aa8c17e03fe8ec6962432c39aca4be7e8ee346b05a3476904"},
    {file = "websockets-15.0-cp312-cp312-win_amd64.whl", hash = "sha256:ffc02b159b65c05f2ed9ec176b715b66918a674bd4daed48a9a7a590dd4be1aa"},
    {file = "websockets-15.0-cp313-cp313-macosx_10_13_universal2.whl", hash = "sha256:d2244d8ab24374bed366f9ff206e2619345f9cd7fe79aad5225f53faac28b6b1"},
    {file = "websockets-15.0-cp313-cp313-macosx_10_13_x86_64.whl", hash = "sha256:3a302241fbe825a3e4fe07666a2ab513edfdc6d43ce24b79691b45115273b5e7"},
    {file = "websockets-15.0-cp313-cp313-macosx_11_0_arm64.whl", hash = "sha256:10552fed076757a70ba2c18edcbc601c7637b30cdfe8c24b65171e824c7d6081"},
    {file = "websockets-15.0-cp313-cp313-manylinux_2_17_aarch64.manylinux2014_aarch64.whl", hash = "sha256:c53f97032b87a406044a1c33d1e9290cc38b117a8062e8a8b285175d7e2f99c9"},
    {file = "websockets-15.0-cp313-cp313-manylinux_2_5_i686.manylinux1_i686.manylinux_2_17_i686.manylinux2014_i686.whl", hash = "sha256:1caf951110ca757b8ad9c4974f5cac7b8413004d2f29707e4d03a65d54cedf2b"},
    {file = "websockets-15.0-cp313-cp313-manylinux_2_5_x86_64.manylinux1_x86_64.manylinux_2_17_x86_64.manylinux2014_x86_64.whl", hash = "sha256:8bf1ab71f9f23b0a1d52ec1682a3907e0c208c12fef9c3e99d2b80166b17905f"},
    {file = "websockets-15.0-cp313-cp313-musllinux_1_2_aarch64.whl", hash = "sha256:bfcd3acc1a81f106abac6afd42327d2cf1e77ec905ae11dc1d9142a006a496b6"},
    {file = "websockets-15.0-cp313-cp313-musllinux_1_2_i686.whl", hash = "sha256:c8c5c8e1bac05ef3c23722e591ef4f688f528235e2480f157a9cfe0a19081375"},
    {file = "websockets-15.0-cp313-cp313-musllinux_1_2_x86_64.whl", hash = "sha256:86bfb52a9cfbcc09aba2b71388b0a20ea5c52b6517c0b2e316222435a8cdab72"},
    {file = "websockets-15.0-cp313-cp313-win32.whl", hash = "sha256:26ba70fed190708551c19a360f9d7eca8e8c0f615d19a574292b7229e0ae324c"},
    {file = "websockets-15.0-cp313-cp313-win_amd64.whl", hash = "sha256:ae721bcc8e69846af00b7a77a220614d9b2ec57d25017a6bbde3a99473e41ce8"},
    {file = "websockets-15.0-cp39-cp39-macosx_10_9_universal2.whl", hash = "sha256:c348abc5924caa02a62896300e32ea80a81521f91d6db2e853e6b1994017c9f6"},
    {file = "websockets-15.0-cp39-cp39-macosx_10_9_x86_64.whl", hash = "sha256:5294fcb410ed0a45d5d1cdedc4e51a60aab5b2b3193999028ea94afc2f554b05"},
    {file = "websockets-15.0-cp39-cp39-macosx_11_0_arm64.whl", hash = "sha256:c24ba103ecf45861e2e1f933d40b2d93f5d52d8228870c3e7bf1299cd1cb8ff1"},
    {file = "websockets-15.0-cp39-cp39-manylinux_2_17_aarch64.manylinux2014_aarch64.whl", hash = "sha256:cc8821a03bcfb36e4e4705316f6b66af28450357af8a575dc8f4b09bf02a3dee"},
    {file = "websockets-15.0-cp39-cp39-manylinux_2_5_i686.manylinux1_i686.manylinux_2_17_i686.manylinux2014_i686.whl", hash = "sha256:ffc5ae23ada6515f31604f700009e2df90b091b67d463a8401c1d8a37f76c1d7"},
    {file = "websockets-15.0-cp39-cp39-manylinux_2_5_x86_64.manylinux1_x86_64.manylinux_2_17_x86_64.manylinux2014_x86_64.whl", hash = "sha256:7ac67b542505186b3bbdaffbc303292e1ee9c8729e5d5df243c1f20f4bb9057e"},
    {file = "websockets-15.0-cp39-cp39-musllinux_1_2_aarch64.whl", hash = "sha256:c86dc2068f1c5ca2065aca34f257bbf4f78caf566eb230f692ad347da191f0a1"},
    {file = "websockets-15.0-cp39-cp39-musllinux_1_2_i686.whl", hash = "sha256:30cff3ef329682b6182c01c568f551481774c476722020b8f7d0daacbed07a17"},
    {file = "websockets-15.0-cp39-cp39-musllinux_1_2_x86_64.whl", hash = "sha256:98dcf978d4c6048965d1762abd534c9d53bae981a035bfe486690ba11f49bbbb"},
    {file = "websockets-15.0-cp39-cp39-win32.whl", hash = "sha256:37d66646f929ae7c22c79bc73ec4074d6db45e6384500ee3e0d476daf55482a9"},
    {file = "websockets-15.0-cp39-cp39-win_amd64.whl", hash = "sha256:24d5333a9b2343330f0f4eb88546e2c32a7f5c280f8dd7d3cc079beb0901781b"},
    {file = "websockets-15.0-pp310-pypy310_pp73-macosx_10_15_x86_64.whl", hash = "sha256:b499caef4bca9cbd0bd23cd3386f5113ee7378094a3cb613a2fa543260fe9506"},
    {file = "websockets-15.0-pp310-pypy310_pp73-macosx_11_0_arm64.whl", hash = "sha256:17f2854c6bd9ee008c4b270f7010fe2da6c16eac5724a175e75010aacd905b31"},
    {file = "websockets-15.0-pp310-pypy310_pp73-manylinux_2_17_aarch64.manylinux2014_aarch64.whl", hash = "sha256:89f72524033abbfde880ad338fd3c2c16e31ae232323ebdfbc745cbb1b3dcc03"},
    {file = "websockets-15.0-pp310-pypy310_pp73-manylinux_2_5_i686.manylinux1_i686.manylinux_2_17_i686.manylinux2014_i686.whl", hash = "sha256:1657a9eecb29d7838e3b415458cc494e6d1b194f7ac73a34aa55c6fb6c72d1f3"},
    {file = "websockets-15.0-pp310-pypy310_pp73-manylinux_2_5_x86_64.manylinux1_x86_64.manylinux_2_17_x86_64.manylinux2014_x86_64.whl", hash = "sha256:e413352a921f5ad5d66f9e2869b977e88d5103fc528b6deb8423028a2befd842"},
    {file = "websockets-15.0-pp310-pypy310_pp73-win_amd64.whl", hash = "sha256:8561c48b0090993e3b2a54db480cab1d23eb2c5735067213bb90f402806339f5"},
    {file = "websockets-15.0-pp39-pypy39_pp73-macosx_10_15_x86_64.whl", hash = "sha256:190bc6ef8690cd88232a038d1b15714c258f79653abad62f7048249b09438af3"},
    {file = "websockets-15.0-pp39-pypy39_pp73-macosx_11_0_arm64.whl", hash = "sha256:327adab7671f3726b0ba69be9e865bba23b37a605b585e65895c428f6e47e766"},
    {file = "websockets-15.0-pp39-pypy39_pp73-manylinux_2_17_aarch64.manylinux2014_aarch64.whl", hash = "sha256:2bd8ef197c87afe0a9009f7a28b5dc613bfc585d329f80b7af404e766aa9e8c7"},
    {file = "websockets-15.0-pp39-pypy39_pp73-manylinux_2_5_i686.manylinux1_i686.manylinux_2_17_i686.manylinux2014_i686.whl", hash = "sha256:789c43bf4a10cd067c24c321238e800b8b2716c863ddb2294d2fed886fa5a689"},
    {file = "websockets-15.0-pp39-pypy39_pp73-manylinux_2_5_x86_64.manylinux1_x86_64.manylinux_2_17_x86_64.manylinux2014_x86_64.whl", hash = "sha256:7394c0b7d460569c9285fa089a429f58465db930012566c03046f9e3ab0ed181"},
    {file = "websockets-15.0-pp39-pypy39_pp73-win_amd64.whl", hash = "sha256:2ea4f210422b912ebe58ef0ad33088bc8e5c5ff9655a8822500690abc3b1232d"},
    {file = "websockets-15.0-py3-none-any.whl", hash = "sha256:51ffd53c53c4442415b613497a34ba0aa7b99ac07f1e4a62db5dcd640ae6c3c3"},
    {file = "websockets-15.0.tar.gz", hash = "sha256:ca36151289a15b39d8d683fd8b7abbe26fc50be311066c5f8dcf3cb8cee107ab"},
]

[metadata]
lock-version = "2.0"
python-versions = "^3.12"
content-hash = "5c77b34742a20989546e775b24e091526080bb8047c005fa75023dc576fbf4e6"
